
Microsoft Visual Studio Solution File, Format Version 12.00
# Visual Studio Version 16
VisualStudioVersion = 16.0.28803.202
MinimumVisualStudioVersion = 10.0.40219.1
Project("{FAE04EC0-301F-11D3-BF4B-00C04F79EFBC}") = "test", "test\test.csproj", "{BAB285EB-7894-4370-9DCA-E29332CA5E92}"
EndProject
Global
	GlobalSection(SolutionConfigurationPlatforms) = preSolution
		Debug|Any CPU = Debug|Any CPU
		Release|Any CPU = Release|Any CPU
	EndGlobalSection
	GlobalSection(ProjectConfigurationPlatforms) = postSolution
		{BAB285EB-7894-4370-9DCA-E29332CA5E92}.Debug|Any CPU.ActiveCfg = Debug|Any CPU
		{BAB285EB-7894-4370-9DCA-E29332CA5E92}.Debug|Any CPU.Build.0 = Debug|Any CPU
		{BAB285EB-7894-4370-9DCA-E29332CA5E92}.Release|Any CPU.ActiveCfg = Release|Any CPU
		{BAB285EB-7894-4370-9DCA-E29332CA5E92}.Release|Any CPU.Build.0 = Release|Any CPU
	EndGlobalSection
	GlobalSection(SolutionProperties) = preSolution
		HideSolutionNode = FALSE
	EndGlobalSection
	GlobalSection(ExtensibilityGlobals) = postSolution
		SolutionGuid = {F5F082D6-7D4F-4E73-AE1D-15CD10F216A6}
	EndGlobalSection
EndGlobal
